
Microsoft Visual Studio Solution File, Format Version 12.00
# Visual Studio Version 17
VisualStudioVersion = 17.10.35122.118
MinimumVisualStudioVersion = 10.0.40219.1
Project("{FAE04EC0-301F-11D3-BF4B-00C04F79EFBC}") = "CargaCotizaciones", "CargaCotizaciones\CargaCotizaciones.csproj", "{4BAC8557-A5E0-44D0-B2DC-EEFEC0113AF0}"
EndProject
Global
	GlobalSection(SolutionConfigurationPlatforms) = preSolution
		Debug|Any CPU = Debug|Any CPU
		Release|Any CPU = Release|Any CPU
	EndGlobalSection
	GlobalSection(ProjectConfigurationPlatforms) = postSolution
		{4BAC8557-A5E0-44D0-B2DC-EEFEC0113AF0}.Debug|Any CPU.ActiveCfg = Debug|Any CPU
		{4BAC8557-A5E0-44D0-B2DC-EEFEC0113AF0}.Debug|Any CPU.Build.0 = Debug|Any CPU
		{4BAC8557-A5E0-44D0-B2DC-EEFEC0113AF0}.Release|Any CPU.ActiveCfg = Release|Any CPU
		{4BAC8557-A5E0-44D0-B2DC-EEFEC0113AF0}.Release|Any CPU.Build.0 = Release|Any CPU
	EndGlobalSection
	GlobalSection(SolutionProperties) = preSolution
		HideSolutionNode = FALSE
	EndGlobalSection
	GlobalSection(ExtensibilityGlobals) = postSolution
		SolutionGuid = {0DFBD8FA-36DC-4D7C-861D-67C9484D8D4E}
	EndGlobalSection
EndGlobal
